{
  "name": "grooviq-cloud-proxy",
  "version": "1.0.0",
  "lockfileVersion": 3,
  "requires": true,
  "packages": {
    "": {
      "name": "grooviq-cloud-proxy",
      "version": "1.0.0",
      "dependencies": {
        "otpauth": "^9.5.1",
        "youtubei.js": "^10.4.0"
      },
      "engines": {
        "node": ">=18"
      }
    },
    "node_modules/@bufbuild/protobuf": {
      "version": "2.12.0",
      "resolved": "https://registry.npmjs.org/@bufbuild/protobuf/-/protobuf-2.12.0.tgz",
      "integrity": "sha512-B/XlCaFIP8LOwzo+bz5uFzATYokcwCKQcghqnlfwSmM5eX/qTkvDBnDPs+gXtX/RyjxJ4DRikECcPJbyALA8FA==",
      "license": "(Apache-2.0 AND BSD-3-Clause)"
    },
    "node_modules/@fastify/busboy": {
      "version": "2.1.1",
      "resolved": "https://registry.npmjs.org/@fastify/busboy/-/busboy-2.1.1.tgz",
      "integrity": "sha512-vBZP4NlzfOlerQTnba4aqZoMhE/a9HY7HRqoOPaETQcSQuWEIyZMHGfVu6w9wGtGK5fED5qRs2DteVCjOH60sA==",
      "license": "MIT",
      "engines": {
        "node": ">=14"
      }
    },
    "node_modules/@noble/hashes": {
      "version": "2.2.0",
      "resolved": "https://registry.npmjs.org/@noble/hashes/-/hashes-2.2.0.tgz",
      "integrity": "sha512-IYqDGiTXab6FniAgnSdZwgWbomxpy9FtYvLKs7wCUs2a8RkITG+DFGO1DM9cr+E3/RgADRpFjrKVaJ1z6sjtEg==",
      "license": "MIT",
      "engines": {
        "node": ">= 20.19.0"
      },
      "funding": {
        "url": "https://paulmillr.com/funding/"
      }
    },
    "node_modules/acorn": {
      "version": "8.16.0",
      "resolved": "https://registry.npmjs.org/acorn/-/acorn-8.16.0.tgz",
      "integrity": "sha512-UVJyE9MttOsBQIDKw1skb9nAwQuR5wuGD3+82K6JgJlm/Y+KI92oNsMNGZCYdDsVtRHSak0pcV5Dno5+4jh9sw==",
      "license": "MIT",
      "bin": {
        "acorn": "bin/acorn"
      },
      "engines": {
        "node": ">=0.4.0"
      }
    },
    "node_modules/jintr": {
      "version": "2.1.1",
      "resolved": "https://registry.npmjs.org/jintr/-/jintr-2.1.1.tgz",
      "integrity": "sha512-89cwX4ouogeDGOBsEVsVYsnWWvWjchmwXBB4kiBhmjOKw19FiOKhNhMhpxhTlK2ctl7DS+d/ethfmuBpzoNNgA==",
      "funding": [
        "https://github.com/sponsors/LuanRT"
      ],
      "license": "MIT",
      "dependencies": {
        "acorn": "^8.8.0"
      }
    },
    "node_modules/otpauth": {
      "version": "9.5.1",
      "resolved": "https://registry.npmjs.org/otpauth/-/otpauth-9.5.1.tgz",
      "integrity": "sha512-fJmDAHc8wImfqqqOXIlBvT1dEKrZK0Cmb2VEgScpNTolCz0PHh6ExUZGv4sLtOsWNaHCQlD+rRqaPgnoxFoZjQ==",
      "license": "MIT",
      "dependencies": {
        "@noble/hashes": "2.2.0"
      },
      "funding": {
        "url": "https://github.com/hectorm/otpauth?sponsor=1"
      }
    },
    "node_modules/tslib": {
      "version": "2.8.1",
      "resolved": "https://registry.npmjs.org/tslib/-/tslib-2.8.1.tgz",
      "integrity": "sha512-oJFu94HQb+KVduSUQL7wnpmqnfmLsOA/nAh6b6EH0wCEoK0/mPeXU6c3wKDV83MkOuHPRHtSXKKU99IBazS/2w==",
      "license": "0BSD"
    },
    "node_modules/undici": {
      "version": "5.29.0",
      "resolved": "https://registry.npmjs.org/undici/-/undici-5.29.0.tgz",
      "integrity": "sha512-raqeBD6NQK4SkWhQzeYKd1KmIG6dllBOTt55Rmkt4HtI9mwdWtJljnrXjAFUBLTSN67HWrOIZ3EPF4kjUw80Bg==",
      "license": "MIT",
      "dependencies": {
        "@fastify/busboy": "^2.0.0"
      },
      "engines": {
        "node": ">=14.0"
      }
    },
    "node_modules/youtubei.js": {
      "version": "10.5.0",
      "resolved": "https://registry.npmjs.org/youtubei.js/-/youtubei.js-10.5.0.tgz",
      "integrity": "sha512-iyA+VF28c15tCCKH9ExM2RKC3zYiHzA/eixGlJ3vERANkuI+xYKzAZ4vtOhmyqwrAddu88R/DkzEsmpph5NWjg==",
      "funding": [
        "https://github.com/sponsors/LuanRT"
      ],
      "license": "MIT",
      "dependencies": {
        "@bufbuild/protobuf": "^2.0.0",
        "jintr": "^2.1.1",
        "tslib": "^2.5.0",
        "undici": "^5.19.1"
      }
    }
  }
}
